# THIS IS AN AUTOGENERATED FILE. DO NOT EDIT THIS FILE DIRECTLY.
# yarn lockfile v1


"@next/env@12.2.6-canary.13":
  version "12.2.6-canary.13"
  resolved "https://registry.yarnpkg.com/@next/env/-/env-12.2.6-canary.13.tgz#f0ba367f2c7d43f7bfb227348b04b1e3970ab6ef"
  integrity sha512-YOVs7o6pqzj4nLC0t7cavb+rwbLJEkLu5zpe121LV48hmWk3cDMyOAGwlr3ubByN7/wrjIInbDAy1Bv0tS8low==

"@next/swc-android-arm-eabi@12.2.6-canary.13":
  version "12.2.6-canary.13"
  resolved "https://registry.yarnpkg.com/@next/swc-android-arm-eabi/-/swc-android-arm-eabi-12.2.6-canary.13.tgz#5989d9381d0d32c041f6254f4bf9f5c7e37b3ece"
  integrity sha512-efya6Q/Ey6WzHsF3TwRmV6Fu1lWLz0lVH5Sd1ADAI+dsLbOxJfcFub54++5PSSmTPcHbMk9o88NC1RsTf5CLWw==

"@next/swc-android-arm64@12.2.6-canary.13":
  version "12.2.6-canary.13"
  resolved "https://registry.yarnpkg.com/@next/swc-android-arm64/-/swc-android-arm64-12.2.6-canary.13.tgz#57a71d9933fae4b5a6e48c3f3c43a1f608058e33"
  integrity sha512-VHiD09zkPViVEieZLDEP8mvYKMmOom32sr+xoSJEpWxd9L5xgf5PyjH2dsRVyy/nic8jrtK4sjR4MSJNjC6HZA==

"@next/swc-darwin-arm64@12.2.6-canary.13":
  version "12.2.6-canary.13"
  resolved "https://registry.yarnpkg.com/@next/swc-darwin-arm64/-/swc-darwin-arm64-12.2.6-canary.13.tgz#d83c58e393f7a122450e5100c30c988cdaf963c7"
  integrity sha512-15fa5Au2DTFyCI4ZjRCUNqBWy3Xi5C0IcgWkeXeP+/pqDZOTEc1/n5I9DYShKF8VDEzFC61m2DCsp4bZpfHc0g==

"@next/swc-darwin-x64@12.2.6-canary.13":
  version "12.2.6-canary.13"
  resolved "https://registry.yarnpkg.com/@next/swc-darwin-x64/-/swc-darwin-x64-12.2.6-canary.13.tgz#985b85ea8310d564c8e61c2e83f13287a9933ff0"
  integrity sha512-PTnwBJ3BxPimiKtKK1wS6WXwMEYOezu4sPV6Adt/+DRi07P4VVZ1UgRmLLqO23zMeL4tHwAG9R1WpXACKp28zQ==

"@next/swc-freebsd-x64@12.2.6-canary.13":
  version "12.2.6-canary.13"
  resolved "https://registry.yarnpkg.com/@next/swc-freebsd-x64/-/swc-freebsd-x64-12.2.6-canary.13.tgz#446bb6716bb3957318dcf3ce8f2dd6ad4c4a48f7"
  integrity sha512-YHtFKdXJGAQEmQD72kZgGQ9/goa8oVAcRIQAyvirornonFHpX5rLEbegcEUG1780MCEFJ+UKHKMa9ywA6BS/wA==

"@next/swc-linux-arm-gnueabihf@12.2.6-canary.13":
  version "12.2.6-canary.13"
  resolved "https://registry.yarnpkg.com/@next/swc-linux-arm-gnueabihf/-/swc-linux-arm-gnueabihf-12.2.6-canary.13.tgz#6fafab87ee1b8aa644f21f68a86eb48ed88fd7dd"
  integrity sha512-soMy3Y0lYy6zfcNDD1E3NfkeuNYE6Q6FdEKRRmWFfO+fhnzjLnnE3ODLjkwmf7X10mblLP9VDtLSlx7/PiW8BQ==

"@next/swc-linux-arm64-gnu@12.2.6-canary.13":
  version "12.2.6-canary.13"
  resolved "https://registry.yarnpkg.com/@next/swc-linux-arm64-gnu/-/swc-linux-arm64-gnu-12.2.6-canary.13.tgz#62f791c806c6804a811e25154b6fa9dc0e7e881d"
  integrity sha512-euC8+0PS/uhd5Bgm4wqWCH8sfeHAAf+PbXgZVgMxx9TgV2xRsfYZhzO/xp2xU5h1DcMG707Wj5DYMt/S4MHBcg==

"@next/swc-linux-arm64-musl@12.2.6-canary.13":
  version "12.2.6-canary.13"
  resolved "https://registry.yarnpkg.com/@next/swc-linux-arm64-musl/-/swc-linux-arm64-musl-12.2.6-canary.13.tgz#1ce61bc56b1f659a0858bd4baa60ce928e91e0ec"
  integrity sha512-UGt75FcfIoWRnBHwp6tmvvaAtMp2LZ1ir1Wy78pX5KyQrydSiNCWOi6QIkvZLGNefBE650r+W2QD3eLyFi2e0g==

"@next/swc-linux-x64-gnu@12.2.6-canary.13":
  version "12.2.6-canary.13"
  resolved "https://registry.yarnpkg.com/@next/swc-linux-x64-gnu/-/swc-linux-x64-gnu-12.2.6-canary.13.tgz#3931fa4d98cc7b57885e713eabd00bd3f06cefb0"
  integrity sha512-ZltasXmjSeTLRK26wphgljYeDM/j5NEvUtyEGIuiR5omzGQG0nKcCvERK0mWBmKIzwyQiwhGAB40eOn6CNDtmg==

"@next/swc-linux-x64-musl@12.2.6-canary.13":
  version "12.2.6-canary.13"
  resolved "https://registry.yarnpkg.com/@next/swc-linux-x64-musl/-/swc-linux-x64-musl-12.2.6-canary.13.tgz#f8059a020593bd28426c378b8d0da3d91bb1f784"
  integrity sha512-nQKfQclE3/lFUnnDgajUkUUNtip/EdR+01mBLaJBdBy2gEL4ZSxu9pn/TOplpvaHFCX/OZTh35KxsnqZYWwycg==

"@next/swc-win32-arm64-msvc@12.2.6-canary.13":
  version "12.2.6-canary.13"
  resolved "https://registry.yarnpkg.com/@next/swc-win32-arm64-msvc/-/swc-win32-arm64-msvc-12.2.6-canary.13.tgz#5e0cb6c85946a2d0eeeb252363fe371948608a9c"
  integrity sha512-10B62MDFSs6X3hfdcBnKKYC/cnllQbXi404qTuccbHR2SLMoxgEppGIQXOFfRLitITPpLzB2G2/SGReUVWcw2g==

"@next/swc-win32-ia32-msvc@12.2.6-canary.13":
  version "12.2.6-canary.13"
  resolved "https://registry.yarnpkg.com/@next/swc-win32-ia32-msvc/-/swc-win32-ia32-msvc-12.2.6-canary.13.tgz#5decdd47fe06995aae56bbf60605edca041059f0"
  integrity sha512-1Jng4S3goSP5+XN6pVM+dMLli8O1Q67FQsneTjb0nNb4DEVlcrmNR3JPUEBPC+sERzKt5bOZegIkIx+MjpDScg==

"@next/swc-win32-x64-msvc@12.2.6-canary.13":
  version "12.2.6-canary.13"
  resolved "https://registry.yarnpkg.com/@next/swc-win32-x64-msvc/-/swc-win32-x64-msvc-12.2.6-canary.13.tgz#fadcc1d568ff6b7bf435b9e450a2e87083a8e5b5"
  integrity sha512-TiqJFJjyE4s4Tlubg7ur9zVMBiTwOJvevQ9TlFoa3CdFxBMF+bTB+fnikZFZrkSExXRVD0oJ1NCzHPlm6DGUoA==

"@swc/helpers@0.4.11":
  version "0.4.11"
  resolved "https://registry.yarnpkg.com/@swc/helpers/-/helpers-0.4.11.tgz#db23a376761b3d31c26502122f349a21b592c8de"
  integrity sha512-rEUrBSGIoSFuYxwBYtlUFMlE2CwGhmW+w9355/5oduSw8e5h2+Tj4UrAGNNgP9915++wj5vkQo0UuOBqOAq4nw==
  dependencies:
    tslib "^2.4.0"

"@types/node@^18.0.0":
  version "18.7.16"
  resolved "https://registry.yarnpkg.com/@types/node/-/node-18.7.16.tgz#0eb3cce1e37c79619943d2fd903919fc30850601"
  integrity sha512-EQHhixfu+mkqHMZl1R2Ovuvn47PUw18azMJOTwSZr9/fhzHNGXAJ0ma0dayRVchprpCj0Kc1K1xKoWaATWF1qg==

"@types/prop-types@*":
  version "15.7.5"
  resolved "https://registry.yarnpkg.com/@types/prop-types/-/prop-types-15.7.5.tgz#5f19d2b85a98e9558036f6a3cacc8819420f05cf"
  integrity sha512-JCB8C6SnDoQf0cNycqd/35A7MjcnK+ZTqE7judS6o7utxUCg6imJg3QK2qzHKszlTjcj2cn+NwMB2i96ubpj7w==

"@types/react@^18.0.14":
  version "18.0.18"
  resolved "https://registry.yarnpkg.com/@types/react/-/react-18.0.18.tgz#9f16f33d57bc5d9dca848d12c3572110ff9429ac"
  integrity sha512-6hI08umYs6NaiHFEEGioXnxJ+oEhY3eRz8VCUaudZmGdtvPviCJB8mgaMxaDWAdPSYd4eFavrPk2QIolwbLYrg==
  dependencies:
    "@types/prop-types" "*"
    "@types/scheduler" "*"
    csstype "^3.0.2"

"@types/scheduler@*":
  version "0.16.2"
  resolved "https://registry.yarnpkg.com/@types/scheduler/-/scheduler-0.16.2.tgz#1a62f89525723dde24ba1b01b092bf5df8ad4d39"
  integrity sha512-hppQEBDmlwhFAXKJX2KnWLYu5yMfi91yazPb2l+lbJiwW+wdo1gNeRA+3RgNSO39WYX2euey41KEwnqesU2Jew==

caniuse-lite@^1.0.30001332:
  version "1.0.30001393"
  resolved "https://registry.yarnpkg.com/caniuse-lite/-/caniuse-lite-1.0.30001393.tgz#1aa161e24fe6af2e2ccda000fc2b94be0b0db356"
  integrity sha512-N/od11RX+Gsk+1qY/jbPa0R6zJupEa0lxeBG598EbrtblxVCTJsQwbRBm6+V+rxpc5lHKdsXb9RY83cZIPLseA==

csstype@^3.0.2:
  version "3.1.0"
  resolved "https://registry.yarnpkg.com/csstype/-/csstype-3.1.0.tgz#4ddcac3718d787cf9df0d1b7d15033925c8f29f2"
  integrity sha512-uX1KG+x9h5hIJsaKR9xHUeUraxf8IODOwq9JLNPq6BwB04a/xgpq3rcx47l5BZu5zBPlgD342tdke3Hom/nJRA==

"js-tokens@^3.0.0 || ^4.0.0":
  version "4.0.0"
  resolved "https://registry.yarnpkg.com/js-tokens/-/js-tokens-4.0.0.tgz#19203fb59991df98e3a287050d4647cdeaf32499"
  integrity sha512-RdJUflcE3cUzKiMqQgsCu06FPu9UdIJO0beYbPhHN4k6apgJtifcoCtT9bcxOpYBtpD2kCM6Sbzg4CausW/PKQ==

loose-envify@^1.1.0:
  version "1.4.0"
  resolved "https://registry.yarnpkg.com/loose-envify/-/loose-envify-1.4.0.tgz#71ee51fa7be4caec1a63839f7e682d8132d30caf"
  integrity sha512-lyuxPGr/Wfhrlem2CL/UcnUc1zcqKAImBDzukY7Y5F/yQiNdko6+fRLevlw1HgMySw7f611UIY408EtxRSoK3Q==
  dependencies:
    js-tokens "^3.0.0 || ^4.0.0"

nanoid@^3.3.4:
  version "3.3.4"
  resolved "https://registry.yarnpkg.com/nanoid/-/nanoid-3.3.4.tgz#730b67e3cd09e2deacf03c027c81c9d9dbc5e8ab"
  integrity sha512-MqBkQh/OHTS2egovRtLk45wEyNXwF+cokD+1YPf9u5VfJiRdAiRwB2froX5Co9Rh20xs4siNPm8naNotSD6RBw==

next@canary:
  version "12.2.6-canary.13"
  resolved "https://registry.yarnpkg.com/next/-/next-12.2.6-canary.13.tgz#8a5ef277eb56105df695e4dc373995d79bea7b64"
  integrity sha512-QoWAlbEZeFNKFAk4EE6bxnI515ftEMJFEslfMPGX5tOxVm6A48vLM39UFkFTb4qxXsZD1Vb8otXAIxU/iVSGOA==
  dependencies:
    "@next/env" "12.2.6-canary.13"
    "@swc/helpers" "0.4.11"
    caniuse-lite "^1.0.30001332"
    postcss "8.4.14"
    styled-jsx "5.0.6"
    use-sync-external-store "1.2.0"
  optionalDependencies:
    "@next/swc-android-arm-eabi" "12.2.6-canary.13"
    "@next/swc-android-arm64" "12.2.6-canary.13"
    "@next/swc-darwin-arm64" "12.2.6-canary.13"
    "@next/swc-darwin-x64" "12.2.6-canary.13"
    "@next/swc-freebsd-x64" "12.2.6-canary.13"
    "@next/swc-linux-arm-gnueabihf" "12.2.6-canary.13"
    "@next/swc-linux-arm64-gnu" "12.2.6-canary.13"
    "@next/swc-linux-arm64-musl" "12.2.6-canary.13"
    "@next/swc-linux-x64-gnu" "12.2.6-canary.13"
    "@next/swc-linux-x64-musl" "12.2.6-canary.13"
    "@next/swc-win32-arm64-msvc" "12.2.6-canary.13"
    "@next/swc-win32-ia32-msvc" "12.2.6-canary.13"
    "@next/swc-win32-x64-msvc" "12.2.6-canary.13"

picocolors@^1.0.0:
  version "1.0.0"
  resolved "https://registry.yarnpkg.com/picocolors/-/picocolors-1.0.0.tgz#cb5bdc74ff3f51892236eaf79d68bc44564ab81c"
  integrity sha512-1fygroTLlHu66zi26VoTDv8yRgm0Fccecssto+MhsZ0D/DGW2sm8E8AjW7NU5VVTRt5GxbeZ5qBuJr+HyLYkjQ==

postcss@8.4.14:
  version "8.4.14"
  resolved "https://registry.yarnpkg.com/postcss/-/postcss-8.4.14.tgz#ee9274d5622b4858c1007a74d76e42e56fd21caf"
  integrity sha512-E398TUmfAYFPBSdzgeieK2Y1+1cpdxJx8yXbK/m57nRhKSmk1GB2tO4lbLBtlkfPQTDKfe4Xqv1ASWPpayPEig==
  dependencies:
    nanoid "^3.3.4"
    picocolors "^1.0.0"
    source-map-js "^1.0.2"

react-dom@^18.2.0:
  version "18.2.0"
  resolved "https://registry.yarnpkg.com/react-dom/-/react-dom-18.2.0.tgz#22aaf38708db2674ed9ada224ca4aa708d821e3d"
  integrity sha512-6IMTriUmvsjHUjNtEDudZfuDQUoWXVxKHhlEGSk81n4YFS+r/Kl99wXiwlVXtPBtJenozv2P+hxDsw9eA7Xo6g==
  dependencies:
    loose-envify "^1.1.0"
    scheduler "^0.23.0"

react@^18.2.0:
  version "18.2.0"
  resolved "https://registry.yarnpkg.com/react/-/react-18.2.0.tgz#555bd98592883255fa00de14f1151a917b5d77d5"
  integrity sha512-/3IjMdb2L9QbBdWiW5e3P2/npwMBaU9mHCSCUzNln0ZCYbcfTsGbTJrU/kGemdH2IWmB2ioZ+zkxtmq6g09fGQ==
  dependencies:
    loose-envify "^1.1.0"

scheduler@^0.23.0:
  version "0.23.0"
  resolved "https://registry.yarnpkg.com/scheduler/-/scheduler-0.23.0.tgz#ba8041afc3d30eb206a487b6b384002e4e61fdfe"
  integrity sha512-CtuThmgHNg7zIZWAXi3AsyIzA3n4xx7aNyjwC2VJldO2LMVDhFK+63xGqq6CsJH4rTAt6/M+N4GhZiDYPx9eUw==
  dependencies:
    loose-envify "^1.1.0"

source-map-js@^1.0.2:
  version "1.0.2"
  resolved "https://registry.yarnpkg.com/source-map-js/-/source-map-js-1.0.2.tgz#adbc361d9c62df380125e7f161f71c826f1e490c"
  integrity sha512-R0XvVJ9WusLiqTCEiGCmICCMplcCkIwwR11mOSD9CR5u+IXYdiseeEuXCVAjS54zqwkLcPNnmU4OeJ6tUrWhDw==

styled-jsx@5.0.6:
  version "5.0.6"
  resolved "https://registry.yarnpkg.com/styled-jsx/-/styled-jsx-5.0.6.tgz#fa684790a9cc3badded14badea163418fe568f77"
  integrity sha512-xOeROtkK5MGMDimBQ3J6iPId8q0t/BDoG5XN6oKkZClVz9ISF/hihN8OCn2LggMU6N32aXnrXBdn3auSqNS9fA==

tslib@^2.4.0:
  version "2.4.0"
  resolved "https://registry.yarnpkg.com/tslib/-/tslib-2.4.0.tgz#7cecaa7f073ce680a05847aa77be941098f36dc3"
  integrity sha512-d6xOpEDfsi2CZVlPQzGeux8XMwLT9hssAsaPYExaQMuYskwb+x1x7J371tWlbBdWHroy99KnVB6qIkUbs5X3UQ==

typescript@^4.7.4:
  version "4.8.3"
  resolved "https://registry.yarnpkg.com/typescript/-/typescript-4.8.3.tgz#d59344522c4bc464a65a730ac695007fdb66dd88"
  integrity sha512-goMHfm00nWPa8UvR/CPSvykqf6dVV8x/dp0c5mFTMTIu0u0FlGWRioyy7Nn0PGAdHxpJZnuO/ut+PpQ8UiHAig==

use-sync-external-store@1.2.0:
  version "1.2.0"
  resolved "https://registry.yarnpkg.com/use-sync-external-store/-/use-sync-external-store-1.2.0.tgz#7dbefd6ef3fe4e767a0cf5d7287aacfb5846928a"
  integrity sha512-eEgnFxGQ1Ife9bzYs6VLi8/4X6CObHMw9Qr9tPY43iKwsPw8xE8+EFsf/2cFZ5S3esXgpWgtSCtLNS41F+sKPA==
